// !$*UTF8*$!
{
	archiveVersion = 1;
	classes = {
	};
	objectVersion = 46;
	objects = {

/* Begin PBXBuildFile section */
		6C021A1F186B92CE000C11FC /* PlayerData.m in Sources */ = {isa = PBXBuildFile; fileRef = 6C021A1E186B92CE000C11FC /* PlayerData.m */; };
		6C021A26186B94B8000C11FC /* 1_1AI.plist in Resources */ = {isa = PBXBuildFile; fileRef = 6C021A20186B94B8000C11FC /* 1_1AI.plist */; };
		6C021A27186B94B8000C11FC /* 1_2AI.plist in Resources */ = {isa = PBXBuildFile; fileRef = 6C021A21186B94B8000C11FC /* 1_2AI.plist */; };
		6C021A28186B94B8000C11FC /* 1_3AI.plist in Resources */ = {isa = PBXBuildFile; fileRef = 6C021A22186B94B8000C11FC /* 1_3AI.plist */; };
		6C021A29186B94B8000C11FC /* EnemyAI.m in Sources */ = {isa = PBXBuildFile; fileRef = 6C021A24186B94B8000C11FC /* EnemyAI.m */; };
		6C021A2A186B94B8000C11FC /* randomAI.plist in Resources */ = {isa = PBXBuildFile; fileRef = 6C021A25186B94B8000C11FC /* randomAI.plist */; };
		6C021A33186B94CA000C11FC /* Blocker.m in Sources */ = {isa = PBXBuildFile; fileRef = 6C021A2C186B94CA000C11FC /* Blocker.m */; };
		6C021A34186B94CA000C11FC /* BossUnit.m in Sources */ = {isa = PBXBuildFile; fileRef = 6C021A2E186B94CA000C11FC /* BossUnit.m */; };
		6C021A35186B94CA000C11FC /* SuperUnit.m in Sources */ = {isa = PBXBuildFile; fileRef = 6C021A30186B94CA000C11FC /* SuperUnit.m */; };
		6C021A36186B94CA000C11FC /* Unit.m in Sources */ = {isa = PBXBuildFile; fileRef = 6C021A32186B94CA000C11FC /* Unit.m */; };
		6C021A3F186B94D6000C11FC /* GameLayer.m in Sources */ = {isa = PBXBuildFile; fileRef = 6C021A38186B94D6000C11FC /* GameLayer.m */; };
		6C021A40186B94D6000C11FC /* LoseLayer.m in Sources */ = {isa = PBXBuildFile; fileRef = 6C021A3A186B94D6000C11FC /* LoseLayer.m */; };
		6C021A41186B94D6000C11FC /* StartMenuLayer.m in Sources */ = {isa = PBXBuildFile; fileRef = 6C021A3C186B94D6000C11FC /* StartMenuLayer.m */; };
		6C021A42186B94D6000C11FC /* WinLayer.m in Sources */ = {isa = PBXBuildFile; fileRef = 6C021A3E186B94D6000C11FC /* WinLayer.m */; };
		6C021A49186B94ED000C11FC /* Bar.m in Sources */ = {isa = PBXBuildFile; fileRef = 6C021A44186B94ED000C11FC /* Bar.m */; };
		6C021A4A186B94ED000C11FC /* HealthBar.m in Sources */ = {isa = PBXBuildFile; fileRef = 6C021A46186B94ED000C11FC /* HealthBar.m */; };
		6C021A4B186B94ED000C11FC /* RegeneratableBar.m in Sources */ = {isa = PBXBuildFile; fileRef = 6C021A48186B94ED000C11FC /* RegeneratableBar.m */; };
		6C021A4F186B972C000C11FC /* LevelSelectLayer.m in Sources */ = {isa = PBXBuildFile; fileRef = 6C021A4E186B972C000C11FC /* LevelSelectLayer.m */; };
		6C83A79C186EBEA6002EB16B /* World1_Level2.plist in Resources */ = {isa = PBXBuildFile; fileRef = 6C83A79A186EBEA6002EB16B /* World1_Level2.plist */; };
		6C83A79D186EBEA6002EB16B /* World1_Level3.plist in Resources */ = {isa = PBXBuildFile; fileRef = 6C83A79B186EBEA6002EB16B /* World1_Level3.plist */; };
		6C83A7A0186F437B002EB16B /* UpgradeLayer.m in Sources */ = {isa = PBXBuildFile; fileRef = 6C83A79F186F437B002EB16B /* UpgradeLayer.m */; };
		6C83A7A5186F6637002EB16B /* upgradeBackground.png in Resources */ = {isa = PBXBuildFile; fileRef = 6C83A7A3186F6637002EB16B /* upgradeBackground.png */; };
		6C83A7A6186F6637002EB16B /* upgradeConfig.plist in Resources */ = {isa = PBXBuildFile; fileRef = 6C83A7A4186F6637002EB16B /* upgradeConfig.plist */; };
		6C83A7AA186F699C002EB16B /* selectedZombieDisplay.png in Resources */ = {isa = PBXBuildFile; fileRef = 6C83A7A8186F699C002EB16B /* selectedZombieDisplay.png */; };
		6C83A7AB186F699C002EB16B /* zombieDisplay.png in Resources */ = {isa = PBXBuildFile; fileRef = 6C83A7A9186F699C002EB16B /* zombieDisplay.png */; };
		6C902086186E3732001D1183 /* level1.png in Resources */ = {isa = PBXBuildFile; fileRef = 6C902084186E3732001D1183 /* level1.png */; };
		6C902087186E3732001D1183 /* world1_levelselect.plist in Resources */ = {isa = PBXBuildFile; fileRef = 6C902085186E3732001D1183 /* world1_levelselect.plist */; };
		6C90208A186E3CA1001D1183 /* level2.png in Resources */ = {isa = PBXBuildFile; fileRef = 6C902088186E3CA1001D1183 /* level2.png */; };
		6C90208B186E3CA1001D1183 /* level3.png in Resources */ = {isa = PBXBuildFile; fileRef = 6C902089186E3CA1001D1183 /* level3.png */; };
		6C90208F186E480C001D1183 /* level1_locked.png in Resources */ = {isa = PBXBuildFile; fileRef = 6C90208C186E480C001D1183 /* level1_locked.png */; };
		6C902090186E480C001D1183 /* level2_locked.png in Resources */ = {isa = PBXBuildFile; fileRef = 6C90208D186E480C001D1183 /* level2_locked.png */; };
		6C902091186E480C001D1183 /* level3_locked.png in Resources */ = {isa = PBXBuildFile; fileRef = 6C90208E186E480C001D1183 /* level3_locked.png */; };
		6C902097186EAC4E001D1183 /* World1_Level1.plist in Resources */ = {isa = PBXBuildFile; fileRef = 6C902096186EAC4E001D1183 /* World1_Level1.plist */; };
		6CA527021842DFA200E0E2C6 /* russianframes-hd.plist in Resources */ = {isa = PBXBuildFile; fileRef = 6CA527001842DFA200E0E2C6 /* russianframes-hd.plist */; };
		6CA527031842DFA200E0E2C6 /* russianframes-hd.png in Resources */ = {isa = PBXBuildFile; fileRef = 6CA527011842DFA200E0E2C6 /* russianframes-hd.png */; };
		6CA6C6BE185008180067BEBE /* superzombieframes-hd.plist in Resources */ = {isa = PBXBuildFile; fileRef = 6CA6C6BA185008180067BEBE /* superzombieframes-hd.plist */; };
		6CA6C6BF185008180067BEBE /* superzombieframes-hd.png in Resources */ = {isa = PBXBuildFile; fileRef = 6CA6C6BB185008180067BEBE /* superzombieframes-hd.png */; };
		6CA6C6C0185008180067BEBE /* superzombieframes.plist in Resources */ = {isa = PBXBuildFile; fileRef = 6CA6C6BC185008180067BEBE /* superzombieframes.plist */; };
		6CA6C6C1185008180067BEBE /* superzombieframes.png in Resources */ = {isa = PBXBuildFile; fileRef = 6CA6C6BD185008180067BEBE /* superzombieframes.png */; };
		6CAB076618529ADC008749D5 /* bossrussianframes-hd.plist in Resources */ = {isa = PBXBuildFile; fileRef = 6CAB076218529ADC008749D5 /* bossrussianframes-hd.plist */; };
		6CAB076718529ADC008749D5 /* bossrussianframes-hd.png in Resources */ = {isa = PBXBuildFile; fileRef = 6CAB076318529ADC008749D5 /* bossrussianframes-hd.png */; };
		6CAB076818529ADC008749D5 /* bossrussianframes.plist in Resources */ = {isa = PBXBuildFile; fileRef = 6CAB076418529ADC008749D5 /* bossrussianframes.plist */; };
		6CAB076918529ADC008749D5 /* bossrussianframes.png in Resources */ = {isa = PBXBuildFile; fileRef = 6CAB076518529ADC008749D5 /* bossrussianframes.png */; };
		6CAB076D18529AE7008749D5 /* background.png in Resources */ = {isa = PBXBuildFile; fileRef = 6CAB076A18529AE7008749D5 /* background.png */; };
		6CAB076E18529AE7008749D5 /* menubackground.png in Resources */ = {isa = PBXBuildFile; fileRef = 6CAB076B18529AE7008749D5 /* menubackground.png */; };
		6CAB07781852D5F4008749D5 /* losescreen.png in Resources */ = {isa = PBXBuildFile; fileRef = 6CAB07751852D5F4008749D5 /* losescreen.png */; };
		6CAB07791852D5F4008749D5 /* play.png in Resources */ = {isa = PBXBuildFile; fileRef = 6CAB07761852D5F4008749D5 /* play.png */; };
		6CAB077A1852D5F4008749D5 /* winscreen.png in Resources */ = {isa = PBXBuildFile; fileRef = 6CAB07771852D5F4008749D5 /* winscreen.png */; };
		6CAE6DB0182C5D8F00602F39 /* zombieframes-hd.plist in Resources */ = {isa = PBXBuildFile; fileRef = 6CAE6DA8182C5D8F00602F39 /* zombieframes-hd.plist */; };
		6CAE6DB1182C5D8F00602F39 /* zombieframes-hd.png in Resources */ = {isa = PBXBuildFile; fileRef = 6CAE6DA9182C5D8F00602F39 /* zombieframes-hd.png */; };
		6CAE6DB2182C5D8F00602F39 /* zombieframes.plist in Resources */ = {isa = PBXBuildFile; fileRef = 6CAE6DAA182C5D8F00602F39 /* zombieframes.plist */; };
		6CAE6DB3182C5D8F00602F39 /* zombieframes.png in Resources */ = {isa = PBXBuildFile; fileRef = 6CAE6DAB182C5D8F00602F39 /* zombieframes.png */; };
		6CD361671826CF2E00A56D5C /* GameModel.m in Sources */ = {isa = PBXBuildFile; fileRef = 6CD361661826CF2E00A56D5C /* GameModel.m */; };
		6CD489C91842E14B00515AD4 /* russianframes.png in Resources */ = {isa = PBXBuildFile; fileRef = 6CD489C81842E14B00515AD4 /* russianframes.png */; };
		6CD489CB1842E15B00515AD4 /* russianframes.plist in Resources */ = {isa = PBXBuildFile; fileRef = 6CD489CA1842E15B00515AD4 /* russianframes.plist */; };
		DC21B88B1511078F00FD4891 /* fps_images-hd.png in Resources */ = {isa = PBXBuildFile; fileRef = DC21B8881511078F00FD4891 /* fps_images-hd.png */; };
		DC21B88C1511078F00FD4891 /* fps_images-ipadhd.png in Resources */ = {isa = PBXBuildFile; fileRef = DC21B8891511078F00FD4891 /* fps_images-ipadhd.png */; };
		DC21B88D1511078F00FD4891 /* fps_images.png in Resources */ = {isa = PBXBuildFile; fileRef = DC21B88A1511078F00FD4891 /* fps_images.png */; };
		DC21B88F1511079900FD4891 /* fps_images.png in Resources */ = {isa = PBXBuildFile; fileRef = DC21B88E1511079900FD4891 /* fps_images.png */; };
		DC27219F160CADFF00D88944 /* Default-568h@2x.png in Resources */ = {isa = PBXBuildFile; fileRef = DC27219E160CADFF00D88944 /* Default-568h@2x.png */; };
		DC2721A8160CAFA600D88944 /* iTunesArtwork in Resources */ = {isa = PBXBuildFile; fileRef = DC2721A7160CAFA600D88944 /* iTunesArtwork */; };
		DC485B1113AA0E5600F2BC70 /* libchipmunk-mac.a in Frameworks */ = {isa = PBXBuildFile; fileRef = DC485B0D13AA0E5600F2BC70 /* libchipmunk-mac.a */; };
		DC485B1713AA0EBB00F2BC70 /* libbox2d-mac.a in Frameworks */ = {isa = PBXBuildFile; fileRef = DC485B1613AA0EBB00F2BC70 /* libbox2d-mac.a */; };
		DC485B4613AA18A600F2BC70 /* libcocosdenshion-mac.a in Frameworks */ = {isa = PBXBuildFile; fileRef = DC485B4513AA18A600F2BC70 /* libcocosdenshion-mac.a */; };
		DC65615C13A969B600A7AC53 /* libbox2d-ios.a in Frameworks */ = {isa = PBXBuildFile; fileRef = DC65615013A969B600A7AC53 /* libbox2d-ios.a */; };
		DC65615D13A969B600A7AC53 /* libchipmunk-ios.a in Frameworks */ = {isa = PBXBuildFile; fileRef = DC65615113A969B600A7AC53 /* libchipmunk-ios.a */; };
		DC65615E13A969B600A7AC53 /* libchipmunk-spacemanager-ios.a in Frameworks */ = {isa = PBXBuildFile; fileRef = DC65615213A969B600A7AC53 /* libchipmunk-spacemanager-ios.a */; };
		DC65616013A969B600A7AC53 /* libcocos2d-extensions-ios.a in Frameworks */ = {isa = PBXBuildFile; fileRef = DC65615413A969B600A7AC53 /* libcocos2d-extensions-ios.a */; };
		DC65616113A969B600A7AC53 /* libcocos2d-ios.a in Frameworks */ = {isa = PBXBuildFile; fileRef = DC65615513A969B600A7AC53 /* libcocos2d-ios.a */; };
		DC65616213A969B600A7AC53 /* libcocos3d-ios.a in Frameworks */ = {isa = PBXBuildFile; fileRef = DC65615613A969B600A7AC53 /* libcocos3d-ios.a */; };
		DC65616313A969B600A7AC53 /* libcocosdenshion-ios.a in Frameworks */ = {isa = PBXBuildFile; fileRef = DC65615713A969B600A7AC53 /* libcocosdenshion-ios.a */; };
		DC65616413A969B600A7AC53 /* libkobold2d-ios.a in Frameworks */ = {isa = PBXBuildFile; fileRef = DC65615813A969B600A7AC53 /* libkobold2d-ios.a */; };
		DC65616513A969B600A7AC53 /* libobjectal-ios.a in Frameworks */ = {isa = PBXBuildFile; fileRef = DC65615913A969B600A7AC53 /* libobjectal-ios.a */; };
		DC65616613A969B600A7AC53 /* libsneakyinput-ios.a in Frameworks */ = {isa = PBXBuildFile; fileRef = DC65615A13A969B600A7AC53 /* libsneakyinput-ios.a */; };
		DC979E3E13B35F8800656CB9 /* libcocos2d-extensions-mac.a in Frameworks */ = {isa = PBXBuildFile; fileRef = DC979E3D13B35F8800656CB9 /* libcocos2d-extensions-mac.a */; };
		DC979E5A13B3607E00656CB9 /* libchipmunk-spacemanager-mac.a in Frameworks */ = {isa = PBXBuildFile; fileRef = DC979E5913B3607E00656CB9 /* libchipmunk-spacemanager-mac.a */; };
		DCC1A0FA13A94ED5005BD75D /* Default.png in Resources */ = {isa = PBXBuildFile; fileRef = DCC1A0F913A94ED5005BD75D /* Default.png */; };
		DCC1A0FE13A94ED5005BD75D /* Icon-72.png in Resources */ = {isa = PBXBuildFile; fileRef = DCC1A0FD13A94ED5005BD75D /* Icon-72.png */; };
		DCC1A10013A94ED5005BD75D /* Icon-Small-50.png in Resources */ = {isa = PBXBuildFile; fileRef = DCC1A0FF13A94ED5005BD75D /* Icon-Small-50.png */; };
		DCC1A10213A94ED5005BD75D /* Icon-Small.png in Resources */ = {isa = PBXBuildFile; fileRef = DCC1A10113A94ED5005BD75D /* Icon-Small.png */; };
		DCC1A10413A94ED5005BD75D /* Icon-Small@2x.png in Resources */ = {isa = PBXBuildFile; fileRef = DCC1A10313A94ED5005BD75D /* Icon-Small@2x.png */; };
		DCC1A10613A94ED5005BD75D /* Icon.png in Resources */ = {isa = PBXBuildFile; fileRef = DCC1A10513A94ED5005BD75D /* Icon.png */; };
		DCC1A10813A94ED5005BD75D /* Icon@2x.png in Resources */ = {isa = PBXBuildFile; fileRef = DCC1A10713A94ED5005BD75D /* Icon@2x.png */; };
		DCC1A26913A94EE6005BD75D /* InfoPlist.strings in Resources */ = {isa = PBXBuildFile; fileRef = DCC1A26713A94EE6005BD75D /* InfoPlist.strings */; };
		DCC1A26C13A94EE6005BD75D /* MainMenu.xib in Resources */ = {isa = PBXBuildFile; fileRef = DCC1A26A13A94EE6005BD75D /* MainMenu.xib */; };
		DCC1A27013A94EE6005BD75D /* icon.icns in Resources */ = {isa = PBXBuildFile; fileRef = DCC1A26F13A94EE6005BD75D /* icon.icns */; };
		DCC1A3A913A94F1A005BD75D /* AppDelegate.m in Sources */ = {isa = PBXBuildFile; fileRef = DCC1A38E13A94F1A005BD75D /* AppDelegate.m */; };
		DCC1A3AA13A94F1A005BD75D /* AppDelegate.m in Sources */ = {isa = PBXBuildFile; fileRef = DCC1A38E13A94F1A005BD75D /* AppDelegate.m */; };
		DCC1A3AD13A94F1A005BD75D /* main.m in Sources */ = {isa = PBXBuildFile; fileRef = DCC1A39113A94F1A005BD75D /* main.m */; };
		DCC1A3AE13A94F1A005BD75D /* main.m in Sources */ = {isa = PBXBuildFile; fileRef = DCC1A39113A94F1A005BD75D /* main.m */; };
		DCC1A3AF13A94F1A005BD75D /* config.lua in Resources */ = {isa = PBXBuildFile; fileRef = DCC1A39513A94F1A005BD75D /* config.lua */; };
		DCC1A3B013A94F1A005BD75D /* config.lua in Resources */ = {isa = PBXBuildFile; fileRef = DCC1A39513A94F1A005BD75D /* config.lua */; };
		DCF95CD213A97EC500AE3B80 /* libcocos2d-mac.a in Frameworks */ = {isa = PBXBuildFile; fileRef = DCF95CC913A97EC500AE3B80 /* libcocos2d-mac.a */; };
		DCF95CD413A97EC500AE3B80 /* libkobold2d-mac.a in Frameworks */ = {isa = PBXBuildFile; fileRef = DCF95CCB13A97EC500AE3B80 /* libkobold2d-mac.a */; };
/* End PBXBuildFile section */

/* Begin PBXFileReference section */
		6C021A1D186B92CE000C11FC /* PlayerData.h */ = {isa = PBXFileReference; fileEncoding = 4; lastKnownFileType = sourcecode.c.h; path = PlayerData.h; sourceTree = "<group>"; };
		6C021A1E186B92CE000C11FC /* PlayerData.m */ = {isa = PBXFileReference; fileEncoding = 4; lastKnownFileType = sourcecode.c.objc; path = PlayerData.m; sourceTree = "<group>"; };
		6C021A20186B94B8000C11FC /* 1_1AI.plist */ = {isa = PBXFileReference; fileEncoding = 4; lastKnownFileType = text.plist.xml; name = 1_1AI.plist; path = AI/1_1AI.plist; sourceTree = "<group>"; };
		6C021A21186B94B8000C11FC /* 1_2AI.plist */ = {isa = PBXFileReference; fileEncoding = 4; lastKnownFileType = text.plist.xml; name = 1_2AI.plist; path = AI/1_2AI.plist; sourceTree = "<group>"; };
		6C021A22186B94B8000C11FC /* 1_3AI.plist */ = {isa = PBXFileReference; fileEncoding = 4; lastKnownFileType = text.plist.xml; name = 1_3AI.plist; path = AI/1_3AI.plist; sourceTree = "<group>"; };
		6C021A23186B94B8000C11FC /* EnemyAI.h */ = {isa = PBXFileReference; fileEncoding = 4; lastKnownFileType = sourcecode.c.h; name = EnemyAI.h; path = AI/EnemyAI.h; sourceTree = "<group>"; };
		6C021A24186B94B8000C11FC /* EnemyAI.m */ = {isa = PBXFileReference; fileEncoding = 4; lastKnownFileType = sourcecode.c.objc; name = EnemyAI.m; path = AI/EnemyAI.m; sourceTree = "<group>"; };
		6C021A25186B94B8000C11FC /* randomAI.plist */ = {isa = PBXFileReference; fileEncoding = 4; lastKnownFileType = text.plist.xml; name = randomAI.plist; path = AI/randomAI.plist; sourceTree = "<group>"; };
		6C021A2B186B94CA000C11FC /* Blocker.h */ = {isa = PBXFileReference; fileEncoding = 4; lastKnownFileType = sourcecode.c.h; name = Blocker.h; path = Units/Blocker.h; sourceTree = "<group>"; };
		6C021A2C186B94CA000C11FC /* Blocker.m */ = {isa = PBXFileReference; fileEncoding = 4; lastKnownFileType = sourcecode.c.objc; name = Blocker.m; path = Units/Blocker.m; sourceTree = "<group>"; };
		6C021A2D186B94CA000C11FC /* BossUnit.h */ = {isa = PBXFileReference; fileEncoding = 4; lastKnownFileType = sourcecode.c.h; name = BossUnit.h; path = Units/BossUnit.h; sourceTree = "<group>"; };
		6C021A2E186B94CA000C11FC /* BossUnit.m */ = {isa = PBXFileReference; fileEncoding = 4; lastKnownFileType = sourcecode.c.objc; name = BossUnit.m; path = Units/BossUnit.m; sourceTree = "<group>"; };
		6C021A2F186B94CA000C11FC /* SuperUnit.h */ = {isa = PBXFileReference; fileEncoding = 4; lastKnownFileType = sourcecode.c.h; name = SuperUnit.h; path = Units/SuperUnit.h; sourceTree = "<group>"; };
		6C021A30186B94CA000C11FC /* SuperUnit.m */ = {isa = PBXFileReference; fileEncoding = 4; lastKnownFileType = sourcecode.c.objc; name = SuperUnit.m; path = Units/SuperUnit.m; sourceTree = "<group>"; };
		6C021A31186B94CA000C11FC /* Unit.h */ = {isa = PBXFileReference; fileEncoding = 4; lastKnownFileType = sourcecode.c.h; name = Unit.h; path = Units/Unit.h; sourceTree = "<group>"; };
		6C021A32186B94CA000C11FC /* Unit.m */ = {isa = PBXFileReference; fileEncoding = 4; lastKnownFileType = sourcecode.c.objc; name = Unit.m; path = Units/Unit.m; sourceTree = "<group>"; };
		6C021A37186B94D6000C11FC /* GameLayer.h */ = {isa = PBXFileReference; fileEncoding = 4; lastKnownFileType = sourcecode.c.h; name = GameLayer.h; path = Layers/GameLayer.h; sourceTree = "<group>"; };
		6C021A38186B94D6000C11FC /* GameLayer.m */ = {isa = PBXFileReference; fileEncoding = 4; lastKnownFileType = sourcecode.c.objc; name = GameLayer.m; path = Layers/GameLayer.m; sourceTree = "<group>"; };
		6C021A39186B94D6000C11FC /* LoseLayer.h */ = {isa = PBXFileReference; fileEncoding = 4; lastKnownFileType = sourcecode.c.h; name = LoseLayer.h; path = Layers/LoseLayer.h; sourceTree = "<group>"; };
		6C021A3A186B94D6000C11FC /* LoseLayer.m */ = {isa = PBXFileReference; fileEncoding = 4; lastKnownFileType = sourcecode.c.objc; name = LoseLayer.m; path = Layers/LoseLayer.m; sourceTree = "<group>"; };
		6C021A3B186B94D6000C11FC /* StartMenuLayer.h */ = {isa = PBXFileReference; fileEncoding = 4; lastKnownFileType = sourcecode.c.h; name = StartMenuLayer.h; path = Layers/StartMenuLayer.h; sourceTree = "<group>"; };
		6C021A3C186B94D6000C11FC /* StartMenuLayer.m */ = {isa = PBXFileReference; fileEncoding = 4; lastKnownFileType = sourcecode.c.objc; name = StartMenuLayer.m; path = Layers/StartMenuLayer.m; sourceTree = "<group>"; };
		6C021A3D186B94D6000C11FC /* WinLayer.h */ = {isa = PBXFileReference; fileEncoding = 4; lastKnownFileType = sourcecode.c.h; name = WinLayer.h; path = Layers/WinLayer.h; sourceTree = "<group>"; };
		6C021A3E186B94D6000C11FC /* WinLayer.m */ = {isa = PBXFileReference; fileEncoding = 4; lastKnownFileType = sourcecode.c.objc; name = WinLayer.m; path = Layers/WinLayer.m; sourceTree = "<group>"; };
		6C021A43186B94ED000C11FC /* Bar.h */ = {isa = PBXFileReference; fileEncoding = 4; lastKnownFileType = sourcecode.c.h; name = Bar.h; path = Bars/Bar.h; sourceTree = "<group>"; };
		6C021A44186B94ED000C11FC /* Bar.m */ = {isa = PBXFileReference; fileEncoding = 4; lastKnownFileType = sourcecode.c.objc; name = Bar.m; path = Bars/Bar.m; sourceTree = "<group>"; };
		6C021A45186B94ED000C11FC /* HealthBar.h */ = {isa = PBXFileReference; fileEncoding = 4; lastKnownFileType = sourcecode.c.h; name = HealthBar.h; path = Bars/HealthBar.h; sourceTree = "<group>"; };
		6C021A46186B94ED000C11FC /* HealthBar.m */ = {isa = PBXFileReference; fileEncoding = 4; lastKnownFileType = sourcecode.c.objc; name = HealthBar.m; path = Bars/HealthBar.m; sourceTree = "<group>"; };
		6C021A47186B94ED000C11FC /* RegeneratableBar.h */ = {isa = PBXFileReference; fileEncoding = 4; lastKnownFileType = sourcecode.c.h; name = RegeneratableBar.h; path = Bars/RegeneratableBar.h; sourceTree = "<group>"; };
		6C021A48186B94ED000C11FC /* RegeneratableBar.m */ = {isa = PBXFileReference; fileEncoding = 4; lastKnownFileType = sourcecode.c.objc; name = RegeneratableBar.m; path = Bars/RegeneratableBar.m; sourceTree = "<group>"; };
		6C021A4D186B972C000C11FC /* LevelSelectLayer.h */ = {isa = PBXFileReference; fileEncoding = 4; lastKnownFileType = sourcecode.c.h; name = LevelSelectLayer.h; path = Layers/LevelSelectLayer.h; sourceTree = "<group>"; };
		6C021A4E186B972C000C11FC /* LevelSelectLayer.m */ = {isa = PBXFileReference; fileEncoding = 4; lastKnownFileType = sourcecode.c.objc; name = LevelSelectLayer.m; path = Layers/LevelSelectLayer.m; sourceTree = "<group>"; };
		6C83A79A186EBEA6002EB16B /* World1_Level2.plist */ = {isa = PBXFileReference; fileEncoding = 4; lastKnownFileType = text.plist.xml; name = World1_Level2.plist; path = Worlds/World1/Levels/World1_Level2.plist; sourceTree = "<group>"; };
		6C83A79B186EBEA6002EB16B /* World1_Level3.plist */ = {isa = PBXFileReference; fileEncoding = 4; lastKnownFileType = text.plist.xml; name = World1_Level3.plist; path = Worlds/World1/Levels/World1_Level3.plist; sourceTree = "<group>"; };
		6C83A79E186F437B002EB16B /* UpgradeLayer.h */ = {isa = PBXFileReference; fileEncoding = 4; lastKnownFileType = sourcecode.c.h; name = UpgradeLayer.h; path = Layers/UpgradeLayer.h; sourceTree = "<group>"; };
		6C83A79F186F437B002EB16B /* UpgradeLayer.m */ = {isa = PBXFileReference; fileEncoding = 4; lastKnownFileType = sourcecode.c.objc; name = UpgradeLayer.m; path = Layers/UpgradeLayer.m; sourceTree = "<group>"; };
		6C83A7A3186F6637002EB16B /* upgradeBackground.png */ = {isa = PBXFileReference; lastKnownFileType = image.png; name = upgradeBackground.png; path = Layers/UpgradeResources/upgradeBackground.png; sourceTree = "<group>"; };
		6C83A7A4186F6637002EB16B /* upgradeConfig.plist */ = {isa = PBXFileReference; fileEncoding = 4; lastKnownFileType = text.plist.xml; name = upgradeConfig.plist; path = Layers/UpgradeResources/upgradeConfig.plist; sourceTree = "<group>"; };
		6C83A7A8186F699C002EB16B /* selectedZombieDisplay.png */ = {isa = PBXFileReference; lastKnownFileType = image.png; name = selectedZombieDisplay.png; path = Layers/UpgradeResources/selectedZombieDisplay.png; sourceTree = "<group>"; };
		6C83A7A9186F699C002EB16B /* zombieDisplay.png */ = {isa = PBXFileReference; lastKnownFileType = image.png; name = zombieDisplay.png; path = Layers/UpgradeResources/zombieDisplay.png; sourceTree = "<group>"; };
		6C902084186E3732001D1183 /* level1.png */ = {isa = PBXFileReference; lastKnownFileType = image.png; name = level1.png; path = Worlds/World1/level1.png; sourceTree = "<group>"; };
		6C902085186E3732001D1183 /* world1_levelselect.plist */ = {isa = PBXFileReference; fileEncoding = 4; lastKnownFileType = text.plist.xml; name = world1_levelselect.plist; path = Worlds/World1/world1_levelselect.plist; sourceTree = "<group>"; };
		6C902088186E3CA1001D1183 /* level2.png */ = {isa = PBXFileReference; lastKnownFileType = image.png; name = level2.png; path = Worlds/World1/level2.png; sourceTree = "<group>"; };
		6C902089186E3CA1001D1183 /* level3.png */ = {isa = PBXFileReference; lastKnownFileType = image.png; name = level3.png; path = Worlds/World1/level3.png; sourceTree = "<group>"; };
		6C90208C186E480C001D1183 /* level1_locked.png */ = {isa = PBXFileReference; lastKnownFileType = image.png; name = level1_locked.png; path = Worlds/World1/level1_locked.png; sourceTree = "<group>"; };
		6C90208D186E480C001D1183 /* level2_locked.png */ = {isa = PBXFileReference; lastKnownFileType = image.png; name = level2_locked.png; path = Worlds/World1/level2_locked.png; sourceTree = "<group>"; };
		6C90208E186E480C001D1183 /* level3_locked.png */ = {isa = PBXFileReference; lastKnownFileType = image.png; name = level3_locked.png; path = Worlds/World1/level3_locked.png; sourceTree = "<group>"; };
		6C902096186EAC4E001D1183 /* World1_Level1.plist */ = {isa = PBXFileReference; fileEncoding = 4; lastKnownFileType = text.plist.xml; name = World1_Level1.plist; path = Worlds/World1/Levels/World1_Level1.plist; sourceTree = "<group>"; };
		6CA527001842DFA200E0E2C6 /* russianframes-hd.plist */ = {isa = PBXFileReference; fileEncoding = 4; lastKnownFileType = text.plist.xml; name = "russianframes-hd.plist"; path = "Sprites/russianframes-hd.plist"; sourceTree = "<group>"; };
		6CA527011842DFA200E0E2C6 /* russianframes-hd.png */ = {isa = PBXFileReference; lastKnownFileType = image.png; name = "russianframes-hd.png"; path = "Sprites/russianframes-hd.png"; sourceTree = "<group>"; };
		6CA6C6BA185008180067BEBE /* superzombieframes-hd.plist */ = {isa = PBXFileReference; fileEncoding = 4; lastKnownFileType = text.plist.xml; name = "superzombieframes-hd.plist"; path = "Sprites/superzombieframes-hd.plist"; sourceTree = "<group>"; };
		6CA6C6BB185008180067BEBE /* superzombieframes-hd.png */ = {isa = PBXFileReference; lastKnownFileType = image.png; name = "superzombieframes-hd.png"; path = "Sprites/superzombieframes-hd.png"; sourceTree = "<group>"; };
		6CA6C6BC185008180067BEBE /* superzombieframes.plist */ = {isa = PBXFileReference; fileEncoding = 4; lastKnownFileType = text.plist.xml; name = superzombieframes.plist; path = Sprites/superzombieframes.plist; sourceTree = "<group>"; };
		6CA6C6BD185008180067BEBE /* superzombieframes.png */ = {isa = PBXFileReference; lastKnownFileType = image.png; name = superzombieframes.png; path = Sprites/superzombieframes.png; sourceTree = "<group>"; };
		6CAB076218529ADC008749D5 /* bossrussianframes-hd.plist */ = {isa = PBXFileReference; fileEncoding = 4; lastKnownFileType = text.plist.xml; name = "bossrussianframes-hd.plist"; path = "Sprites/bossrussianframes-hd.plist"; sourceTree = "<group>"; };
		6CAB076318529ADC008749D5 /* bossrussianframes-hd.png */ = {isa = PBXFileReference; lastKnownFileType = image.png; name = "bossrussianframes-hd.png"; path = "Sprites/bossrussianframes-hd.png"; sourceTree = "<group>"; };
		6CAB076418529ADC008749D5 /* bossrussianframes.plist */ = {isa = PBXFileReference; fileEncoding = 4; lastKnownFileType = text.plist.xml; name = bossrussianframes.plist; path = Sprites/bossrussianframes.plist; sourceTree = "<group>"; };
		6CAB076518529ADC008749D5 /* bossrussianframes.png */ = {isa = PBXFileReference; lastKnownFileType = image.png; name = bossrussianframes.png; path = Sprites/bossrussianframes.png; sourceTree = "<group>"; };
		6CAB076A18529AE7008749D5 /* background.png */ = {isa = PBXFileReference; lastKnownFileType = image.png; path = background.png; sourceTree = "<group>"; };
		6CAB076B18529AE7008749D5 /* menubackground.png */ = {isa = PBXFileReference; lastKnownFileType = image.png; path = menubackground.png; sourceTree = "<group>"; };
		6CAB07751852D5F4008749D5 /* losescreen.png */ = {isa = PBXFileReference; lastKnownFileType = image.png; path = losescreen.png; sourceTree = "<group>"; };
		6CAB07761852D5F4008749D5 /* play.png */ = {isa = PBXFileReference; lastKnownFileType = image.png; path = play.png; sourceTree = "<group>"; };
		6CAB07771852D5F4008749D5 /* winscreen.png */ = {isa = PBXFileReference; lastKnownFileType = image.png; path = winscreen.png; sourceTree = "<group>"; };
		6CAE6DA8182C5D8F00602F39 /* zombieframes-hd.plist */ = {isa = PBXFileReference; fileEncoding = 4; lastKnownFileType = text.plist.xml; name = "zombieframes-hd.plist"; path = "Sprites/zombieframes-hd.plist"; sourceTree = "<group>"; };
		6CAE6DA9182C5D8F00602F39 /* zombieframes-hd.png */ = {isa = PBXFileReference; lastKnownFileType = image.png; name = "zombieframes-hd.png"; path = "Sprites/zombieframes-hd.png"; sourceTree = "<group>"; };
		6CAE6DAA182C5D8F00602F39 /* zombieframes.plist */ = {isa = PBXFileReference; fileEncoding = 4; lastKnownFileType = text.plist.xml; name = zombieframes.plist; path = Sprites/zombieframes.plist; sourceTree = "<group>"; };
		6CAE6DAB182C5D8F00602F39 /* zombieframes.png */ = {isa = PBXFileReference; lastKnownFileType = image.png; name = zombieframes.png; path = Sprites/zombieframes.png; sourceTree = "<group>"; };
		6CD361651826CF2E00A56D5C /* GameModel.h */ = {isa = PBXFileReference; fileEncoding = 4; lastKnownFileType = sourcecode.c.h; path = GameModel.h; sourceTree = "<group>"; };
		6CD361661826CF2E00A56D5C /* GameModel.m */ = {isa = PBXFileReference; fileEncoding = 4; lastKnownFileType = sourcecode.c.objc; path = GameModel.m; sourceTree = "<group>"; };
		6CD489C81842E14B00515AD4 /* russianframes.png */ = {isa = PBXFileReference; lastKnownFileType = image.png; name = russianframes.png; path = Sprites/russianframes.png; sourceTree = "<group>"; };
		6CD489CA1842E15B00515AD4 /* russianframes.plist */ = {isa = PBXFileReference; fileEncoding = 4; lastKnownFileType = text.plist.xml; name = russianframes.plist; path = Sprites/russianframes.plist; sourceTree = "<group>"; };
		DC21B8881511078F00FD4891 /* fps_images-hd.png */ = {isa = PBXFileReference; lastKnownFileType = image.png; path = "fps_images-hd.png"; sourceTree = "<group>"; };
		DC21B8891511078F00FD4891 /* fps_images-ipadhd.png */ = {isa = PBXFileReference; lastKnownFileType = image.png; path = "fps_images-ipadhd.png"; sourceTree = "<group>"; };
		DC21B88A1511078F00FD4891 /* fps_images.png */ = {isa = PBXFileReference; lastKnownFileType = image.png; path = fps_images.png; sourceTree = "<group>"; };
		DC21B88E1511079900FD4891 /* fps_images.png */ = {isa = PBXFileReference; lastKnownFileType = image.png; name = fps_images.png; path = Resources/fps_images.png; sourceTree = "<group>"; };
		DC27219E160CADFF00D88944 /* Default-568h@2x.png */ = {isa = PBXFileReference; lastKnownFileType = image.png; path = "Default-568h@2x.png"; sourceTree = "<group>"; };
		DC2721A7160CAFA600D88944 /* iTunesArtwork */ = {isa = PBXFileReference; lastKnownFileType = file; path = iTunesArtwork; sourceTree = "<group>"; };
		DC3BE97813B4FB71003739CC /* BuildSettings-iOS.xcconfig */ = {isa = PBXFileReference; lastKnownFileType = text.xcconfig; path = "BuildSettings-iOS.xcconfig"; sourceTree = "<group>"; };
		DC485B0D13AA0E5600F2BC70 /* libchipmunk-mac.a */ = {isa = PBXFileReference; explicitFileType = archive.ar; path = "libchipmunk-mac.a"; sourceTree = BUILT_PRODUCTS_DIR; };
		DC485B1613AA0EBB00F2BC70 /* libbox2d-mac.a */ = {isa = PBXFileReference; explicitFileType = archive.ar; path = "libbox2d-mac.a"; sourceTree = BUILT_PRODUCTS_DIR; };
		DC485B4513AA18A600F2BC70 /* libcocosdenshion-mac.a */ = {isa = PBXFileReference; explicitFileType = archive.ar; path = "libcocosdenshion-mac.a"; sourceTree = BUILT_PRODUCTS_DIR; };
		DC65615013A969B600A7AC53 /* libbox2d-ios.a */ = {isa = PBXFileReference; explicitFileType = archive.ar; path = "libbox2d-ios.a"; sourceTree = BUILT_PRODUCTS_DIR; };
		DC65615113A969B600A7AC53 /* libchipmunk-ios.a */ = {isa = PBXFileReference; explicitFileType = archive.ar; path = "libchipmunk-ios.a"; sourceTree = BUILT_PRODUCTS_DIR; };
		DC65615213A969B600A7AC53 /* libchipmunk-spacemanager-ios.a */ = {isa = PBXFileReference; explicitFileType = archive.ar; path = "libchipmunk-spacemanager-ios.a"; sourceTree = BUILT_PRODUCTS_DIR; };
		DC65615413A969B600A7AC53 /* libcocos2d-extensions-ios.a */ = {isa = PBXFileReference; explicitFileType = archive.ar; path = "libcocos2d-extensions-ios.a"; sourceTree = BUILT_PRODUCTS_DIR; };
		DC65615513A969B600A7AC53 /* libcocos2d-ios.a */ = {isa = PBXFileReference; explicitFileType = archive.ar; path = "libcocos2d-ios.a"; sourceTree = BUILT_PRODUCTS_DIR; };
		DC65615613A969B600A7AC53 /* libcocos3d-ios.a */ = {isa = PBXFileReference; explicitFileType = archive.ar; path = "libcocos3d-ios.a"; sourceTree = BUILT_PRODUCTS_DIR; };
		DC65615713A969B600A7AC53 /* libcocosdenshion-ios.a */ = {isa = PBXFileReference; explicitFileType = archive.ar; path = "libcocosdenshion-ios.a"; sourceTree = BUILT_PRODUCTS_DIR; };
		DC65615813A969B600A7AC53 /* libkobold2d-ios.a */ = {isa = PBXFileReference; explicitFileType = archive.ar; path = "libkobold2d-ios.a"; sourceTree = BUILT_PRODUCTS_DIR; };
		DC65615913A969B600A7AC53 /* libobjectal-ios.a */ = {isa = PBXFileReference; explicitFileType = archive.ar; path = "libobjectal-ios.a"; sourceTree = BUILT_PRODUCTS_DIR; };
		DC65615A13A969B600A7AC53 /* libsneakyinput-ios.a */ = {isa = PBXFileReference; explicitFileType = archive.ar; path = "libsneakyinput-ios.a"; sourceTree = BUILT_PRODUCTS_DIR; };
		DC979E3D13B35F8800656CB9 /* libcocos2d-extensions-mac.a */ = {isa = PBXFileReference; explicitFileType = archive.ar; path = "libcocos2d-extensions-mac.a"; sourceTree = BUILT_PRODUCTS_DIR; };
		DC979E5913B3607E00656CB9 /* libchipmunk-spacemanager-mac.a */ = {isa = PBXFileReference; explicitFileType = archive.ar; path = "libchipmunk-spacemanager-mac.a"; sourceTree = BUILT_PRODUCTS_DIR; };
		DC9C33E713B5024400931BF2 /* BuildSettings-Debug-Mac.xcconfig */ = {isa = PBXFileReference; lastKnownFileType = text.xcconfig; path = "BuildSettings-Debug-Mac.xcconfig"; sourceTree = "<group>"; };
		DC9C33E813B5024400931BF2 /* BuildSettings-Mac.xcconfig */ = {isa = PBXFileReference; lastKnownFileType = text.xcconfig; path = "BuildSettings-Mac.xcconfig"; sourceTree = "<group>"; };
		DC9C33E913B5024400931BF2 /* BuildSettings-Release-Mac.xcconfig */ = {isa = PBXFileReference; lastKnownFileType = text.xcconfig; path = "BuildSettings-Release-Mac.xcconfig"; sourceTree = "<group>"; };
		DCC1A0E313A94ED5005BD75D /* takeover-iOS.app */ = {isa = PBXFileReference; explicitFileType = wrapper.application; includeInIndex = 0; path = "takeover-iOS.app"; sourceTree = BUILT_PRODUCTS_DIR; };
		DCC1A0F913A94ED5005BD75D /* Default.png */ = {isa = PBXFileReference; lastKnownFileType = image.png; path = Default.png; sourceTree = "<group>"; };
		DCC1A0FD13A94ED5005BD75D /* Icon-72.png */ = {isa = PBXFileReference; lastKnownFileType = image.png; path = "Icon-72.png"; sourceTree = "<group>"; };
		DCC1A0FF13A94ED5005BD75D /* Icon-Small-50.png */ = {isa = PBXFileReference; lastKnownFileType = image.png; path = "Icon-Small-50.png"; sourceTree = "<group>"; };
		DCC1A10113A94ED5005BD75D /* Icon-Small.png */ = {isa = PBXFileReference; lastKnownFileType = image.png; path = "Icon-Small.png"; sourceTree = "<group>"; };
		DCC1A10313A94ED5005BD75D /* Icon-Small@2x.png */ = {isa = PBXFileReference; lastKnownFileType = image.png; path = "Icon-Small@2x.png"; sourceTree = "<group>"; };
		DCC1A10513A94ED5005BD75D /* Icon.png */ = {isa = PBXFileReference; lastKnownFileType = image.png; path = Icon.png; sourceTree = "<group>"; };
		DCC1A10713A94ED5005BD75D /* Icon@2x.png */ = {isa = PBXFileReference; lastKnownFileType = image.png; path = "Icon@2x.png"; sourceTree = "<group>"; };
		DCC1A10913A94ED5005BD75D /* Info.plist */ = {isa = PBXFileReference; lastKnownFileType = text.plist.xml; path = Info.plist; sourceTree = "<group>"; };
		DCC1A25A13A94EE6005BD75D /* takeover-Mac.app */ = {isa = PBXFileReference; explicitFileType = wrapper.application; includeInIndex = 0; path = "takeover-Mac.app"; sourceTree = BUILT_PRODUCTS_DIR; };
		DCC1A26813A94EE6005BD75D /* English */ = {isa = PBXFileReference; lastKnownFileType = text.plist.strings; name = English; path = Resources/English.lproj/InfoPlist.strings; sourceTree = "<group>"; };
		DCC1A26B13A94EE6005BD75D /* English */ = {isa = PBXFileReference; lastKnownFileType = file.xib; name = English; path = Resources/English.lproj/MainMenu.xib; sourceTree = "<group>"; };
		DCC1A26F13A94EE6005BD75D /* icon.icns */ = {isa = PBXFileReference; lastKnownFileType = image.icns; name = icon.icns; path = Resources/icon.icns; sourceTree = "<group>"; };
		DCC1A27113A94EE6005BD75D /* Info.plist */ = {isa = PBXFileReference; lastKnownFileType = text.plist.xml; name = Info.plist; path = Resources/Info.plist; sourceTree = "<group>"; };
		DCC1A38D13A94F1A005BD75D /* AppDelegate.h */ = {isa = PBXFileReference; fileEncoding = 4; lastKnownFileType = sourcecode.c.h; path = AppDelegate.h; sourceTree = "<group>"; };
		DCC1A38E13A94F1A005BD75D /* AppDelegate.m */ = {isa = PBXFileReference; fileEncoding = 4; lastKnownFileType = sourcecode.c.objc; path = AppDelegate.m; sourceTree = "<group>"; };
		DCC1A39113A94F1A005BD75D /* main.m */ = {isa = PBXFileReference; fileEncoding = 4; lastKnownFileType = sourcecode.c.objc; path = main.m; sourceTree = "<group>"; };
		DCC1A39213A94F1A005BD75D /* Prefix-iOS.pch */ = {isa = PBXFileReference; fileEncoding = 4; lastKnownFileType = sourcecode.c.h; path = "Prefix-iOS.pch"; sourceTree = "<group>"; };
		DCC1A39313A94F1A005BD75D /* Prefix-Mac.pch */ = {isa = PBXFileReference; fileEncoding = 4; lastKnownFileType = sourcecode.c.h; path = "Prefix-Mac.pch"; sourceTree = "<group>"; };
		DCC1A39513A94F1A005BD75D /* config.lua */ = {isa = PBXFileReference; explicitFileType = sourcecode.applescript; fileEncoding = 4; path = config.lua; sourceTree = "<group>"; };
		DCF95CC913A97EC500AE3B80 /* libcocos2d-mac.a */ = {isa = PBXFileReference; explicitFileType = archive.ar; path = "libcocos2d-mac.a"; sourceTree = BUILT_PRODUCTS_DIR; };
		DCF95CCB13A97EC500AE3B80 /* libkobold2d-mac.a */ = {isa = PBXFileReference; explicitFileType = archive.ar; path = "libkobold2d-mac.a"; sourceTree = BUILT_PRODUCTS_DIR; };
		DCFA90EF13B4F6F7009DD35A /* BuildSettings-Debug-iOS.xcconfig */ = {isa = PBXFileReference; lastKnownFileType = text.xcconfig; path = "BuildSettings-Debug-iOS.xcconfig"; sourceTree = "<group>"; };
		DCFA90F013B4F811009DD35A /* BuildSettings-Release-iOS.xcconfig */ = {isa = PBXFileReference; lastKnownFileType = text.xcconfig; path = "BuildSettings-Release-iOS.xcconfig"; sourceTree = "<group>"; };
/* End PBXFileReference section */

/* Begin PBXFrameworksBuildPhase section */
		DCC1A0E013A94ED5005BD75D /* Frameworks */ = {
			isa = PBXFrameworksBuildPhase;
			buildActionMask = 2147483647;
			files = (
				DC65615C13A969B600A7AC53 /* libbox2d-ios.a in Frameworks */,
				DC65615D13A969B600A7AC53 /* libchipmunk-ios.a in Frameworks */,
				DC65615E13A969B600A7AC53 /* libchipmunk-spacemanager-ios.a in Frameworks */,
				DC65616013A969B600A7AC53 /* libcocos2d-extensions-ios.a in Frameworks */,
				DC65616113A969B600A7AC53 /* libcocos2d-ios.a in Frameworks */,
				DC65616213A969B600A7AC53 /* libcocos3d-ios.a in Frameworks */,
				DC65616313A969B600A7AC53 /* libcocosdenshion-ios.a in Frameworks */,
				DC65616413A969B600A7AC53 /* libkobold2d-ios.a in Frameworks */,
				DC65616513A969B600A7AC53 /* libobjectal-ios.a in Frameworks */,
				DC65616613A969B600A7AC53 /* libsneakyinput-ios.a in Frameworks */,
			);
			runOnlyForDeploymentPostprocessing = 0;
		};
		DCC1A25713A94EE6005BD75D /* Frameworks */ = {
			isa = PBXFrameworksBuildPhase;
			buildActionMask = 2147483647;
			files = (
				DC979E5A13B3607E00656CB9 /* libchipmunk-spacemanager-mac.a in Frameworks */,
				DC979E3E13B35F8800656CB9 /* libcocos2d-extensions-mac.a in Frameworks */,
				DC485B4613AA18A600F2BC70 /* libcocosdenshion-mac.a in Frameworks */,
				DC485B1713AA0EBB00F2BC70 /* libbox2d-mac.a in Frameworks */,
				DC485B1113AA0E5600F2BC70 /* libchipmunk-mac.a in Frameworks */,
				DCF95CD213A97EC500AE3B80 /* libcocos2d-mac.a in Frameworks */,
				DCF95CD413A97EC500AE3B80 /* libkobold2d-mac.a in Frameworks */,
			);
			runOnlyForDeploymentPostprocessing = 0;
		};
/* End PBXFrameworksBuildPhase section */

/* Begin PBXGroup section */
		6C021A1918681828000C11FC /* Layers */ = {
			isa = PBXGroup;
			children = (
				6C021A37186B94D6000C11FC /* GameLayer.h */,
				6C021A38186B94D6000C11FC /* GameLayer.m */,
				6C021A39186B94D6000C11FC /* LoseLayer.h */,
				6C021A3A186B94D6000C11FC /* LoseLayer.m */,
				6C021A3B186B94D6000C11FC /* StartMenuLayer.h */,
				6C021A3C186B94D6000C11FC /* StartMenuLayer.m */,
				6C021A3D186B94D6000C11FC /* WinLayer.h */,
				6C021A3E186B94D6000C11FC /* WinLayer.m */,
				6C021A4D186B972C000C11FC /* LevelSelectLayer.h */,
				6C021A4E186B972C000C11FC /* LevelSelectLayer.m */,
				6C83A79E186F437B002EB16B /* UpgradeLayer.h */,
				6C83A79F186F437B002EB16B /* UpgradeLayer.m */,
				6C83A7A7186F663A002EB16B /* Upgrade Resources */,
			);
			name = Layers;
			sourceTree = "<group>";
		};
		6C021A4C186B94F1000C11FC /* Bars */ = {
			isa = PBXGroup;
			children = (
				6C021A43186B94ED000C11FC /* Bar.h */,
				6C021A44186B94ED000C11FC /* Bar.m */,
				6C021A45186B94ED000C11FC /* HealthBar.h */,
				6C021A46186B94ED000C11FC /* HealthBar.m */,
				6C021A47186B94ED000C11FC /* RegeneratableBar.h */,
				6C021A48186B94ED000C11FC /* RegeneratableBar.m */,
			);
			name = Bars;
			sourceTree = "<group>";
		};
		6C83A7A7186F663A002EB16B /* Upgrade Resources */ = {
			isa = PBXGroup;
			children = (
				6C83A7A8186F699C002EB16B /* selectedZombieDisplay.png */,
				6C83A7A9186F699C002EB16B /* zombieDisplay.png */,
				6C83A7A3186F6637002EB16B /* upgradeBackground.png */,
				6C83A7A4186F6637002EB16B /* upgradeConfig.plist */,
			);
			name = "Upgrade Resources";
			sourceTree = "<group>";
		};
		6C902082186E368F001D1183 /* Worlds */ = {
			isa = PBXGroup;
			children = (
				6C902083186E369F001D1183 /* World1 */,
			);
			name = Worlds;
			sourceTree = "<group>";
		};
		6C902083186E369F001D1183 /* World1 */ = {
			isa = PBXGroup;
			children = (
				6C90208C186E480C001D1183 /* level1_locked.png */,
				6C90208D186E480C001D1183 /* level2_locked.png */,
				6C90208E186E480C001D1183 /* level3_locked.png */,
				6C902084186E3732001D1183 /* level1.png */,
				6C902088186E3CA1001D1183 /* level2.png */,
				6C902089186E3CA1001D1183 /* level3.png */,
				6C902085186E3732001D1183 /* world1_levelselect.plist */,
				6C902098186EAC52001D1183 /* Levels */,
			);
			name = World1;
			sourceTree = "<group>";
		};
		6C902098186EAC52001D1183 /* Levels */ = {
			isa = PBXGroup;
			children = (
				6C902096186EAC4E001D1183 /* World1_Level1.plist */,
				6C83A79A186EBEA6002EB16B /* World1_Level2.plist */,
				6C83A79B186EBEA6002EB16B /* World1_Level3.plist */,
			);
			name = Levels;
			sourceTree = "<group>";
		};
		6CAB076118529AD0008749D5 /* Sprites */ = {
			isa = PBXGroup;
			children = (
				6CAB076218529ADC008749D5 /* bossrussianframes-hd.plist */,
				6CAB076318529ADC008749D5 /* bossrussianframes-hd.png */,
				6CAB076418529ADC008749D5 /* bossrussianframes.plist */,
				6CAB076518529ADC008749D5 /* bossrussianframes.png */,
				6CA6C6BA185008180067BEBE /* superzombieframes-hd.plist */,
				6CA6C6BB185008180067BEBE /* superzombieframes-hd.png */,
				6CA6C6BC185008180067BEBE /* superzombieframes.plist */,
				6CA6C6BD185008180067BEBE /* superzombieframes.png */,
				6CD489CA1842E15B00515AD4 /* russianframes.plist */,
				6CD489C81842E14B00515AD4 /* russianframes.png */,
				6CA527001842DFA200E0E2C6 /* russianframes-hd.plist */,
				6CA527011842DFA200E0E2C6 /* russianframes-hd.png */,
				6CAE6DA8182C5D8F00602F39 /* zombieframes-hd.plist */,
				6CAE6DA9182C5D8F00602F39 /* zombieframes-hd.png */,
				6CAE6DAA182C5D8F00602F39 /* zombieframes.plist */,
				6CAE6DAB182C5D8F00602F39 /* zombieframes.png */,
			);
			name = Sprites;
			sourceTree = "<group>";
		};
		6CAE6D9B182C362D00602F39 /* Artifical Intelligence */ = {
			isa = PBXGroup;
			children = (
				6C021A20186B94B8000C11FC /* 1_1AI.plist */,
				6C021A21186B94B8000C11FC /* 1_2AI.plist */,
				6C021A22186B94B8000C11FC /* 1_3AI.plist */,
				6C021A23186B94B8000C11FC /* EnemyAI.h */,
				6C021A24186B94B8000C11FC /* EnemyAI.m */,
				6C021A25186B94B8000C11FC /* randomAI.plist */,
			);
			name = "Artifical Intelligence";
			sourceTree = "<group>";
		};
		6CD3616418259DF500A56D5C /* Units */ = {
			isa = PBXGroup;
			children = (
				6C021A31186B94CA000C11FC /* Unit.h */,
				6C021A32186B94CA000C11FC /* Unit.m */,
				6C021A2F186B94CA000C11FC /* SuperUnit.h */,
				6C021A30186B94CA000C11FC /* SuperUnit.m */,
				6C021A2B186B94CA000C11FC /* Blocker.h */,
				6C021A2C186B94CA000C11FC /* Blocker.m */,
				6C021A2D186B94CA000C11FC /* BossUnit.h */,
				6C021A2E186B94CA000C11FC /* BossUnit.m */,
			);
			name = Units;
			sourceTree = "<group>";
		};
		DCC1A0D613A94EC0005BD75D = {
			isa = PBXGroup;
			children = (
				DCC1A38C13A94F1A005BD75D /* Projectfiles */,
				DCC1A0F713A94ED5005BD75D /* Projectfiles-iOS */,
				DCC1A26413A94EE6005BD75D /* Projectfiles-Mac */,
				DCFA90ED13B4F6A0009DD35A /* BuildSettings */,
				DCC1A0E613A94ED5005BD75D /* Frameworks */,
				DCC1A0E413A94ED5005BD75D /* Products */,
			);
			sourceTree = "<group>";
		};
		DCC1A0E413A94ED5005BD75D /* Products */ = {
			isa = PBXGroup;
			children = (
				DCC1A0E313A94ED5005BD75D /* takeover-iOS.app */,
				DCC1A25A13A94EE6005BD75D /* takeover-Mac.app */,
			);
			name = Products;
			sourceTree = "<group>";
		};
		DCC1A0E613A94ED5005BD75D /* Frameworks */ = {
			isa = PBXGroup;
			children = (
			);
			name = Frameworks;
			sourceTree = "<group>";
		};
		DCC1A0F713A94ED5005BD75D /* Projectfiles-iOS */ = {
			isa = PBXGroup;
			children = (
				DCC1A0F813A94ED5005BD75D /* Resources */,
			);
			path = "Projectfiles-iOS";
			sourceTree = "<group>";
		};
		DCC1A0F813A94ED5005BD75D /* Resources */ = {
			isa = PBXGroup;
			children = (
				DC2721A7160CAFA600D88944 /* iTunesArtwork */,
				DC21B88A1511078F00FD4891 /* fps_images.png */,
				DC21B8881511078F00FD4891 /* fps_images-hd.png */,
				DC21B8891511078F00FD4891 /* fps_images-ipadhd.png */,
				DCC1A0F913A94ED5005BD75D /* Default.png */,
				DC27219E160CADFF00D88944 /* Default-568h@2x.png */,
				DCC1A0FD13A94ED5005BD75D /* Icon-72.png */,
				DCC1A0FF13A94ED5005BD75D /* Icon-Small-50.png */,
				DCC1A10113A94ED5005BD75D /* Icon-Small.png */,
				DCC1A10313A94ED5005BD75D /* Icon-Small@2x.png */,
				DCC1A10513A94ED5005BD75D /* Icon.png */,
				DCC1A10713A94ED5005BD75D /* Icon@2x.png */,
				DCC1A10913A94ED5005BD75D /* Info.plist */,
			);
			path = Resources;
			sourceTree = "<group>";
		};
		DCC1A26413A94EE6005BD75D /* Projectfiles-Mac */ = {
			isa = PBXGroup;
			children = (
				DCC1A26513A94EE6005BD75D /* Resources */,
			);
			path = "Projectfiles-Mac";
			sourceTree = "<group>";
		};
		DCC1A26513A94EE6005BD75D /* Resources */ = {
			isa = PBXGroup;
			children = (
				DC21B88E1511079900FD4891 /* fps_images.png */,
				DCC1A26F13A94EE6005BD75D /* icon.icns */,
				DCC1A27113A94EE6005BD75D /* Info.plist */,
				DCC1A26613A94EE6005BD75D /* English.lproj */,
			);
			name = Resources;
			sourceTree = "<group>";
		};
		DCC1A26613A94EE6005BD75D /* English.lproj */ = {
			isa = PBXGroup;
			children = (
				DCC1A26713A94EE6005BD75D /* InfoPlist.strings */,
				DCC1A26A13A94EE6005BD75D /* MainMenu.xib */,
			);
			name = English.lproj;
			sourceTree = "<group>";
		};
		DCC1A38C13A94F1A005BD75D /* Projectfiles */ = {
			isa = PBXGroup;
			children = (
				6C902082186E368F001D1183 /* Worlds */,
				6C021A1D186B92CE000C11FC /* PlayerData.h */,
				6C021A1E186B92CE000C11FC /* PlayerData.m */,
				6C021A1918681828000C11FC /* Layers */,
				6CD361651826CF2E00A56D5C /* GameModel.h */,
				6CD361661826CF2E00A56D5C /* GameModel.m */,
				6C021A4C186B94F1000C11FC /* Bars */,
				6CAE6D9B182C362D00602F39 /* Artifical Intelligence */,
				6CD3616418259DF500A56D5C /* Units */,
				DCC1A38D13A94F1A005BD75D /* AppDelegate.h */,
				DCC1A38E13A94F1A005BD75D /* AppDelegate.m */,
				DCC1A39413A94F1A005BD75D /* Resources */,
				DCC1A3CF13A94F2C005BD75D /* Supporting Files */,
			);
			path = Projectfiles;
			sourceTree = "<group>";
		};
		DCC1A39413A94F1A005BD75D /* Resources */ = {
			isa = PBXGroup;
			children = (
				6CAB07751852D5F4008749D5 /* losescreen.png */,
				6CAB07761852D5F4008749D5 /* play.png */,
				6CAB07771852D5F4008749D5 /* winscreen.png */,
				6CAB076A18529AE7008749D5 /* background.png */,
				6CAB076B18529AE7008749D5 /* menubackground.png */,
				6CAB076118529AD0008749D5 /* Sprites */,
				DCC1A39513A94F1A005BD75D /* config.lua */,
			);
			path = Resources;
			sourceTree = "<group>";
		};
		DCC1A3CF13A94F2C005BD75D /* Supporting Files */ = {
			isa = PBXGroup;
			children = (
				DCC1A39113A94F1A005BD75D /* main.m */,
				DCC1A39213A94F1A005BD75D /* Prefix-iOS.pch */,
				DCC1A39313A94F1A005BD75D /* Prefix-Mac.pch */,
			);
			name = "Supporting Files";
			sourceTree = "<group>";
		};
		DCFA90ED13B4F6A0009DD35A /* BuildSettings */ = {
			isa = PBXGroup;
			children = (
				DCFA90EF13B4F6F7009DD35A /* BuildSettings-Debug-iOS.xcconfig */,
				DCFA90F013B4F811009DD35A /* BuildSettings-Release-iOS.xcconfig */,
				DC3BE97813B4FB71003739CC /* BuildSettings-iOS.xcconfig */,
				DC9C33E713B5024400931BF2 /* BuildSettings-Debug-Mac.xcconfig */,
				DC9C33E913B5024400931BF2 /* BuildSettings-Release-Mac.xcconfig */,
				DC9C33E813B5024400931BF2 /* BuildSettings-Mac.xcconfig */,
			);
			path = BuildSettings;
			sourceTree = "<group>";
		};
/* End PBXGroup section */

/* Begin PBXNativeTarget section */
		DCC1A0E213A94ED5005BD75D /* takeover-iOS */ = {
			isa = PBXNativeTarget;
			buildConfigurationList = DCC1A25313A94ED7005BD75D /* Build configuration list for PBXNativeTarget "takeover-iOS" */;
			buildPhases = (
				DCC1A0DF13A94ED5005BD75D /* Sources */,
				DCC1A0E013A94ED5005BD75D /* Frameworks */,
				DCC1A0E113A94ED5005BD75D /* Resources */,
			);
			buildRules = (
			);
			dependencies = (
			);
			name = "takeover-iOS";
			productName = "Hello-World-iOS";
			productReference = DCC1A0E313A94ED5005BD75D /* takeover-iOS.app */;
			productType = "com.apple.product-type.application";
		};
		DCC1A25913A94EE6005BD75D /* takeover-Mac */ = {
			isa = PBXNativeTarget;
			buildConfigurationList = DCC1A38913A94EE7005BD75D /* Build configuration list for PBXNativeTarget "takeover-Mac" */;
			buildPhases = (
				DCC1A25613A94EE6005BD75D /* Sources */,
				DCC1A25713A94EE6005BD75D /* Frameworks */,
				DCC1A25813A94EE6005BD75D /* Resources */,
			);
			buildRules = (
			);
			dependencies = (
			);
			name = "takeover-Mac";
			productName = "Hello-World-Mac";
			productReference = DCC1A25A13A94EE6005BD75D /* takeover-Mac.app */;
			productType = "com.apple.product-type.application";
		};
/* End PBXNativeTarget section */

/* Begin PBXProject section */
		DCC1A0D813A94EC0005BD75D /* Project object */ = {
			isa = PBXProject;
			attributes = {
				LastUpgradeCheck = 0430;
				TargetAttributes = {
					DCC1A0E213A94ED5005BD75D = {
						DevelopmentTeam = SN2MPNRVQW;
					};
				};
			};
			buildConfigurationList = DCC1A0DB13A94EC0005BD75D /* Build configuration list for PBXProject "takeover" */;
			compatibilityVersion = "Xcode 3.2";
			developmentRegion = English;
			hasScannedForEncodings = 0;
			knownRegions = (
				en,
				English,
			);
			mainGroup = DCC1A0D613A94EC0005BD75D;
			productRefGroup = DCC1A0E413A94ED5005BD75D /* Products */;
			projectDirPath = "";
			projectRoot = "";
			targets = (
				DCC1A0E213A94ED5005BD75D /* takeover-iOS */,
				DCC1A25913A94EE6005BD75D /* takeover-Mac */,
			);
		};
/* End PBXProject section */

/* Begin PBXResourcesBuildPhase section */
		DCC1A0E113A94ED5005BD75D /* Resources */ = {
			isa = PBXResourcesBuildPhase;
			buildActionMask = 2147483647;
			files = (
				6C83A79D186EBEA6002EB16B /* World1_Level3.plist in Resources */,
				6CAB076818529ADC008749D5 /* bossrussianframes.plist in Resources */,
				6CAB076618529ADC008749D5 /* bossrussianframes-hd.plist in Resources */,
				6CAB076918529ADC008749D5 /* bossrussianframes.png in Resources */,
				6C902090186E480C001D1183 /* level2_locked.png in Resources */,
				DCC1A0FA13A94ED5005BD75D /* Default.png in Resources */,
				DCC1A0FE13A94ED5005BD75D /* Icon-72.png in Resources */,
				6CA6C6BE185008180067BEBE /* superzombieframes-hd.plist in Resources */,
				6CAB077A1852D5F4008749D5 /* winscreen.png in Resources */,
				DCC1A10013A94ED5005BD75D /* Icon-Small-50.png in Resources */,
				6C90208B186E3CA1001D1183 /* level3.png in Resources */,
				6CAB07781852D5F4008749D5 /* losescreen.png in Resources */,
				DCC1A10213A94ED5005BD75D /* Icon-Small.png in Resources */,
				6C902097186EAC4E001D1183 /* World1_Level1.plist in Resources */,
				DCC1A10413A94ED5005BD75D /* Icon-Small@2x.png in Resources */,
				6C83A7A6186F6637002EB16B /* upgradeConfig.plist in Resources */,
				6CAB076E18529AE7008749D5 /* menubackground.png in Resources */,
				6CAE6DB3182C5D8F00602F39 /* zombieframes.png in Resources */,
				6C021A26186B94B8000C11FC /* 1_1AI.plist in Resources */,
				6CA6C6BF185008180067BEBE /* superzombieframes-hd.png in Resources */,
				6C90208F186E480C001D1183 /* level1_locked.png in Resources */,
				6CAE6DB2182C5D8F00602F39 /* zombieframes.plist in Resources */,
				6C83A7A5186F6637002EB16B /* upgradeBackground.png in Resources */,
				DCC1A10613A94ED5005BD75D /* Icon.png in Resources */,
				6CAB076718529ADC008749D5 /* bossrussianframes-hd.png in Resources */,
				6C902087186E3732001D1183 /* world1_levelselect.plist in Resources */,
				DCC1A10813A94ED5005BD75D /* Icon@2x.png in Resources */,
				DCC1A3AF13A94F1A005BD75D /* config.lua in Resources */,
				6CAE6DB1182C5D8F00602F39 /* zombieframes-hd.png in Resources */,
				6C021A27186B94B8000C11FC /* 1_2AI.plist in Resources */,
				DC21B88B1511078F00FD4891 /* fps_images-hd.png in Resources */,
				6C902091186E480C001D1183 /* level3_locked.png in Resources */,
				6CAB07791852D5F4008749D5 /* play.png in Resources */,
				6CA6C6C0185008180067BEBE /* superzombieframes.plist in Resources */,
				6C83A79C186EBEA6002EB16B /* World1_Level2.plist in Resources */,
				6C90208A186E3CA1001D1183 /* level2.png in Resources */,
				6C83A7AB186F699C002EB16B /* zombieDisplay.png in Resources */,
				6C902086186E3732001D1183 /* level1.png in Resources */,
				DC21B88C1511078F00FD4891 /* fps_images-ipadhd.png in Resources */,
				6CA6C6C1185008180067BEBE /* superzombieframes.png in Resources */,
				6C021A2A186B94B8000C11FC /* randomAI.plist in Resources */,
				6C83A7AA186F699C002EB16B /* selectedZombieDisplay.png in Resources */,
				DC21B88D1511078F00FD4891 /* fps_images.png in Resources */,
				6CA527031842DFA200E0E2C6 /* russianframes-hd.png in Resources */,
				6C021A28186B94B8000C11FC /* 1_3AI.plist in Resources */,
				6CAE6DB0182C5D8F00602F39 /* zombieframes-hd.plist in Resources */,
				6CA527021842DFA200E0E2C6 /* russianframes-hd.plist in Resources */,
				DC27219F160CADFF00D88944 /* Default-568h@2x.png in Resources */,
				DC2721A8160CAFA600D88944 /* iTunesArtwork in Resources */,
				6CD489C91842E14B00515AD4 /* russianframes.png in Resources */,
				6CAB076D18529AE7008749D5 /* background.png in Resources */,
				6CD489CB1842E15B00515AD4 /* russianframes.plist in Resources */,
			);
			runOnlyForDeploymentPostprocessing = 0;
		};
		DCC1A25813A94EE6005BD75D /* Resources */ = {
			isa = PBXResourcesBuildPhase;
			buildActionMask = 2147483647;
			files = (
				DCC1A26913A94EE6005BD75D /* InfoPlist.strings in Resources */,
				DCC1A26C13A94EE6005BD75D /* MainMenu.xib in Resources */,
				DCC1A27013A94EE6005BD75D /* icon.icns in Resources */,
				DCC1A3B013A94F1A005BD75D /* config.lua in Resources */,
				DC21B88F1511079900FD4891 /* fps_images.png in Resources */,
			);
			runOnlyForDeploymentPostprocessing = 0;
		};
/* End PBXResourcesBuildPhase section */

/* Begin PBXSourcesBuildPhase section */
		DCC1A0DF13A94ED5005BD75D /* Sources */ = {
			isa = PBXSourcesBuildPhase;
			buildActionMask = 2147483647;
			files = (
				6C021A4F186B972C000C11FC /* LevelSelectLayer.m in Sources */,
				6C021A36186B94CA000C11FC /* Unit.m in Sources */,
				6C021A49186B94ED000C11FC /* Bar.m in Sources */,
				6C021A29186B94B8000C11FC /* EnemyAI.m in Sources */,
				6C021A4B186B94ED000C11FC /* RegeneratableBar.m in Sources */,
				6C021A35186B94CA000C11FC /* SuperUnit.m in Sources */,
				6C021A41186B94D6000C11FC /* StartMenuLayer.m in Sources */,
				6C021A1F186B92CE000C11FC /* PlayerData.m in Sources */,
				6C021A42186B94D6000C11FC /* WinLayer.m in Sources */,
				DCC1A3A913A94F1A005BD75D /* AppDelegate.m in Sources */,
				6C021A33186B94CA000C11FC /* Blocker.m in Sources */,
				6C021A4A186B94ED000C11FC /* HealthBar.m in Sources */,
				DCC1A3AD13A94F1A005BD75D /* main.m in Sources */,
				6CD361671826CF2E00A56D5C /* GameModel.m in Sources */,
				6C021A34186B94CA000C11FC /* BossUnit.m in Sources */,
				6C021A3F186B94D6000C11FC /* GameLayer.m in Sources */,
				6C83A7A0186F437B002EB16B /* UpgradeLayer.m in Sources */,
				6C021A40186B94D6000C11FC /* LoseLayer.m in Sources */,
			);
			runOnlyForDeploymentPostprocessing = 0;
		};
		DCC1A25613A94EE6005BD75D /* Sources */ = {
			isa = PBXSourcesBuildPhase;
			buildActionMask = 2147483647;
			files = (
				DCC1A3AA13A94F1A005BD75D /* AppDelegate.m in Sources */,
				DCC1A3AE13A94F1A005BD75D /* main.m in Sources */,
			);
			runOnlyForDeploymentPostprocessing = 0;
		};
/* End PBXSourcesBuildPhase section */

/* Begin PBXVariantGroup section */
		DCC1A26713A94EE6005BD75D /* InfoPlist.strings */ = {
			isa = PBXVariantGroup;
			children = (
				DCC1A26813A94EE6005BD75D /* English */,
			);
			name = InfoPlist.strings;
			sourceTree = "<group>";
		};
		DCC1A26A13A94EE6005BD75D /* MainMenu.xib */ = {
			isa = PBXVariantGroup;
			children = (
				DCC1A26B13A94EE6005BD75D /* English */,
			);
			name = MainMenu.xib;
			sourceTree = "<group>";
		};
/* End PBXVariantGroup section */

/* Begin XCBuildConfiguration section */
		DCC1A0DD13A94EC0005BD75D /* Debug */ = {
			isa = XCBuildConfiguration;
			buildSettings = {
			};
			name = Debug;
		};
		DCC1A0DE13A94EC0005BD75D /* Release */ = {
			isa = XCBuildConfiguration;
			buildSettings = {
			};
			name = Release;
		};
		DCC1A25413A94ED7005BD75D /* Debug */ = {
			isa = XCBuildConfiguration;
			baseConfigurationReference = DCFA90EF13B4F6F7009DD35A /* BuildSettings-Debug-iOS.xcconfig */;
			buildSettings = {
				CODE_SIGN_IDENTITY = "iPhone Developer";
				"CODE_SIGN_IDENTITY[sdk=iphoneos*]" = "iPhone Developer";
				PRODUCT_NAME = "takeover-iOS";
				PROVISIONING_PROFILE = "";
			};
			name = Debug;
		};
		DCC1A25513A94ED7005BD75D /* Release */ = {
			isa = XCBuildConfiguration;
			baseConfigurationReference = DCFA90F013B4F811009DD35A /* BuildSettings-Release-iOS.xcconfig */;
			buildSettings = {
				CODE_SIGN_IDENTITY = "iPhone Developer";
				"CODE_SIGN_IDENTITY[sdk=iphoneos*]" = "iPhone Developer";
				PRODUCT_NAME = "takeover-iOS";
				PROVISIONING_PROFILE = "";
			};
			name = Release;
		};
		DCC1A38A13A94EE7005BD75D /* Debug */ = {
			isa = XCBuildConfiguration;
			baseConfigurationReference = DC9C33E713B5024400931BF2 /* BuildSettings-Debug-Mac.xcconfig */;
			buildSettings = {
				PRODUCT_NAME = "takeover-Mac";
			};
			name = Debug;
		};
		DCC1A38B13A94EE7005BD75D /* Release */ = {
			isa = XCBuildConfiguration;
			baseConfigurationReference = DC9C33E913B5024400931BF2 /* BuildSettings-Release-Mac.xcconfig */;
			buildSettings = {
				PRODUCT_NAME = "takeover-Mac";
			};
			name = Release;
		};
/* End XCBuildConfiguration section */

/* Begin XCConfigurationList section */
		DCC1A0DB13A94EC0005BD75D /* Build configuration list for PBXProject "takeover" */ = {
			isa = XCConfigurationList;
			buildConfigurations = (
				DCC1A0DD13A94EC0005BD75D /* Debug */,
				DCC1A0DE13A94EC0005BD75D /* Release */,
			);
			defaultConfigurationIsVisible = 0;
			defaultConfigurationName = Release;
		};
		DCC1A25313A94ED7005BD75D /* Build configuration list for PBXNativeTarget "takeover-iOS" */ = {
			isa = XCConfigurationList;
			buildConfigurations = (
				DCC1A25413A94ED7005BD75D /* Debug */,
				DCC1A25513A94ED7005BD75D /* Release */,
			);
			defaultConfigurationIsVisible = 0;
			defaultConfigurationName = Release;
		};
		DCC1A38913A94EE7005BD75D /* Build configuration list for PBXNativeTarget "takeover-Mac" */ = {
			isa = XCConfigurationList;
			buildConfigurations = (
				DCC1A38A13A94EE7005BD75D /* Debug */,
				DCC1A38B13A94EE7005BD75D /* Release */,
			);
			defaultConfigurationIsVisible = 0;
			defaultConfigurationName = Release;
		};
/* End XCConfigurationList section */
	};
	rootObject = DCC1A0D813A94EC0005BD75D /* Project object */;
}
